
Microsoft Visual Studio Solution File, Format Version 12.00
# Visual Studio Version 17
VisualStudioVersion = 17.9.34701.34
MinimumVisualStudioVersion = 10.0.40219.1
Project("{9A19103F-16F7-4668-BE54-9A1E7A4F7556}") = "LibraryManagement", "LibraryManagement\LibraryManagement.csproj", "{CD80B5FE-40FA-463C-90D9-E3054E44C88C}"
EndProject
Project("{9A19103F-16F7-4668-BE54-9A1E7A4F7556}") = "Library.Model", "Library.Model\Library.Model.csproj", "{B87AA644-CBB5-42BD-9ADA-9EFC84B5906A}"
EndProject
Project("{9A19103F-16F7-4668-BE54-9A1E7A4F7556}") = "Library.Data", "Library.Data\Library.Data.csproj", "{186D1279-773E-43EA-860B-9E7441724E65}"
EndProject
Project("{9A19103F-16F7-4668-BE54-9A1E7A4F7556}") = "Library.Data.Interfaces", "Library.Data.Interfaces\Library.Data.Interfaces.csproj", "{2E0CE440-3F8F-414B-BC79-D5D1C662D6DB}"
EndProject
Project("{9A19103F-16F7-4668-BE54-9A1E7A4F7556}") = "Library.Service", "Library.Service\Library.Service.csproj", "{62E19D20-ADE0-4293-B614-97C1F93150F4}"
EndProject
Global
	GlobalSection(SolutionConfigurationPlatforms) = preSolution
		Debug|Any CPU = Debug|Any CPU
		Release|Any CPU = Release|Any CPU
	EndGlobalSection
	GlobalSection(ProjectConfigurationPlatforms) = postSolution
		{CD80B5FE-40FA-463C-90D9-E3054E44C88C}.Debug|Any CPU.ActiveCfg = Debug|Any CPU
		{CD80B5FE-40FA-463C-90D9-E3054E44C88C}.Debug|Any CPU.Build.0 = Debug|Any CPU
		{CD80B5FE-40FA-463C-90D9-E3054E44C88C}.Release|Any CPU.ActiveCfg = Release|Any CPU
		{CD80B5FE-40FA-463C-90D9-E3054E44C88C}.Release|Any CPU.Build.0 = Release|Any CPU
		{B87AA644-CBB5-42BD-9ADA-9EFC84B5906A}.Debug|Any CPU.ActiveCfg = Debug|Any CPU
		{B87AA644-CBB5-42BD-9ADA-9EFC84B5906A}.Debug|Any CPU.Build.0 = Debug|Any CPU
		{B87AA644-CBB5-42BD-9ADA-9EFC84B5906A}.Release|Any CPU.ActiveCfg = Release|Any CPU
		{B87AA644-CBB5-42BD-9ADA-9EFC84B5906A}.Release|Any CPU.Build.0 = Release|Any CPU
		{186D1279-773E-43EA-860B-9E7441724E65}.Debug|Any CPU.ActiveCfg = Debug|Any CPU
		{186D1279-773E-43EA-860B-9E7441724E65}.Debug|Any CPU.Build.0 = Debug|Any CPU
		{186D1279-773E-43EA-860B-9E7441724E65}.Release|Any CPU.ActiveCfg = Release|Any CPU
		{186D1279-773E-43EA-860B-9E7441724E65}.Release|Any CPU.Build.0 = Release|Any CPU
		{2E0CE440-3F8F-414B-BC79-D5D1C662D6DB}.Debug|Any CPU.ActiveCfg = Debug|Any CPU
		{2E0CE440-3F8F-414B-BC79-D5D1C662D6DB}.Debug|Any CPU.Build.0 = Debug|Any CPU
		{2E0CE440-3F8F-414B-BC79-D5D1C662D6DB}.Release|Any CPU.ActiveCfg = Release|Any CPU
		{2E0CE440-3F8F-414B-BC79-D5D1C662D6DB}.Release|Any CPU.Build.0 = Release|Any CPU
		{62E19D20-ADE0-4293-B614-97C1F93150F4}.Debug|Any CPU.ActiveCfg = Debug|Any CPU
		{62E19D20-ADE0-4293-B614-97C1F93150F4}.Debug|Any CPU.Build.0 = Debug|Any CPU
		{62E19D20-ADE0-4293-B614-97C1F93150F4}.Release|Any CPU.ActiveCfg = Release|Any CPU
		{62E19D20-ADE0-4293-B614-97C1F93150F4}.Release|Any CPU.Build.0 = Release|Any CPU
	EndGlobalSection
	GlobalSection(SolutionProperties) = preSolution
		HideSolutionNode = FALSE
	EndGlobalSection
	GlobalSection(ExtensibilityGlobals) = postSolution
		SolutionGuid = {BDF43CD5-D00F-4411-ABF1-57EDEFBF3B98}
	EndGlobalSection
EndGlobal
